// !$*UTF8*$!
{
	archiveVersion = 1;
	classes = {
	};
	objectVersion = 46;
	objects = {

/* Begin PBXBuildFile section */
		CD5650F11BEE686100E6E652 /* CustomColorWell.m in Sources */ = {isa = PBXBuildFile; fileRef = CD5650F01BEE686100E6E652 /* CustomColorWell.m */; };
		CDB2706A1BC0648400E6E652 /* HyperionColor.m in Sources */ = {isa = PBXBuildFile; fileRef = CDB270691BC0648400E6E652 /* HyperionColor.m */; };
		CDDBD3851B7E83FF00E6E652 /* AppDelegate.m in Sources */ = {isa = PBXBuildFile; fileRef = CDDBD3841B7E83FF00E6E652 /* AppDelegate.m */; };
		CDDBD3871B7E83FF00E6E652 /* main.m in Sources */ = {isa = PBXBuildFile; fileRef = CDDBD3861B7E83FF00E6E652 /* main.m */; };
		CDDBD3891B7E83FF00E6E652 /* Images.xcassets in Resources */ = {isa = PBXBuildFile; fileRef = CDDBD3881B7E83FF00E6E652 /* Images.xcassets */; };
		CDDBD38C1B7E83FF00E6E652 /* MainMenu.xib in Resources */ = {isa = PBXBuildFile; fileRef = CDDBD38A1B7E83FF00E6E652 /* MainMenu.xib */; };
/* End PBXBuildFile section */

/* Begin PBXContainerItemProxy section */
		CDDBD3921B7E840000E6E652 /* PBXContainerItemProxy */ = {
			isa = PBXContainerItemProxy;
			containerPortal = CDDBD3761B7E83FF00E6E652 /* Project object */;
			proxyType = 1;
			remoteGlobalIDString = CDDBD37D1B7E83FF00E6E652;
			remoteInfo = HyperionRemote;
		};
/* End PBXContainerItemProxy section */

/* Begin PBXFileReference section */
		CD5650EF1BEE686100E6E652 /* CustomColorWell.h */ = {isa = PBXFileReference; fileEncoding = 4; lastKnownFileType = sourcecode.c.h; path = CustomColorWell.h; sourceTree = "<group>"; };
		CD5650F01BEE686100E6E652 /* CustomColorWell.m */ = {isa = PBXFileReference; fileEncoding = 4; lastKnownFileType = sourcecode.c.objc; path = CustomColorWell.m; sourceTree = "<group>"; };
		CDB270681BC0648400E6E652 /* HyperionColor.h */ = {isa = PBXFileReference; fileEncoding = 4; lastKnownFileType = sourcecode.c.h; path = HyperionColor.h; sourceTree = "<group>"; };
		CDB270691BC0648400E6E652 /* HyperionColor.m */ = {isa = PBXFileReference; fileEncoding = 4; lastKnownFileType = sourcecode.c.objc; path = HyperionColor.m; sourceTree = "<group>"; };
		CDDBD37E1B7E83FF00E6E652 /* HyperionRemote.app */ = {isa = PBXFileReference; explicitFileType = wrapper.application; includeInIndex = 0; path = HyperionRemote.app; sourceTree = BUILT_PRODUCTS_DIR; };
		CDDBD3821B7E83FF00E6E652 /* Info.plist */ = {isa = PBXFileReference; lastKnownFileType = text.plist.xml; path = Info.plist; sourceTree = "<group>"; };
		CDDBD3831B7E83FF00E6E652 /* AppDelegate.h */ = {isa = PBXFileReference; lastKnownFileType = sourcecode.c.h; path = AppDelegate.h; sourceTree = "<group>"; };
		CDDBD3841B7E83FF00E6E652 /* AppDelegate.m */ = {isa = PBXFileReference; lastKnownFileType = sourcecode.c.objc; path = AppDelegate.m; sourceTree = "<group>"; };
		CDDBD3861B7E83FF00E6E652 /* main.m */ = {isa = PBXFileReference; lastKnownFileType = sourcecode.c.objc; path = main.m; sourceTree = "<group>"; };
		CDDBD3881B7E83FF00E6E652 /* Images.xcassets */ = {isa = PBXFileReference; lastKnownFileType = folder.assetcatalog; path = Images.xcassets; sourceTree = "<group>"; };
		CDDBD38B1B7E83FF00E6E652 /* Base */ = {isa = PBXFileReference; lastKnownFileType = file.xib; name = Base; path = Base.lproj/MainMenu.xib; sourceTree = "<group>"; };
		CDDBD3911B7E840000E6E652 /* HyperionRemoteTests.xctest */ = {isa = PBXFileReference; explicitFileType = wrapper.cfbundle; includeInIndex = 0; path = HyperionRemoteTests.xctest; sourceTree = BUILT_PRODUCTS_DIR; };
/* End PBXFileReference section */

/* Begin PBXFrameworksBuildPhase section */
		CDDBD37B1B7E83FF00E6E652 /* Frameworks */ = {
			isa = PBXFrameworksBuildPhase;
			buildActionMask = 2147483647;
			files = (
			);
			runOnlyForDeploymentPostprocessing = 0;
		};
		CDDBD38E1B7E840000E6E652 /* Frameworks */ = {
			isa = PBXFrameworksBuildPhase;
			buildActionMask = 2147483647;
			files = (
			);
			runOnlyForDeploymentPostprocessing = 0;
		};
/* End PBXFrameworksBuildPhase section */

/* Begin PBXGroup section */
		CDB2706B1BC0648F00E6E652 /* DataModel */ = {
			isa = PBXGroup;
			children = (
				CDB270681BC0648400E6E652 /* HyperionColor.h */,
				CDB270691BC0648400E6E652 /* HyperionColor.m */,
			);
			name = DataModel;
			sourceTree = "<group>";
		};
		CDDBD3751B7E83FF00E6E652 = {
			isa = PBXGroup;
			children = (
				CDDBD3801B7E83FF00E6E652 /* HyperionRemote */,
				CDDBD37F1B7E83FF00E6E652 /* Products */,
			);
			sourceTree = "<group>";
		};
		CDDBD37F1B7E83FF00E6E652 /* Products */ = {
			isa = PBXGroup;
			children = (
				CDDBD37E1B7E83FF00E6E652 /* HyperionRemote.app */,
				CDDBD3911B7E840000E6E652 /* HyperionRemoteTests.xctest */,
			);
			name = Products;
			sourceTree = "<group>";
		};
		CDDBD3801B7E83FF00E6E652 /* HyperionRemote */ = {
			isa = PBXGroup;
			children = (
				CDB2706B1BC0648F00E6E652 /* DataModel */,
				CDDBD3831B7E83FF00E6E652 /* AppDelegate.h */,
				CDDBD3841B7E83FF00E6E652 /* AppDelegate.m */,
				CDDBD38A1B7E83FF00E6E652 /* MainMenu.xib */,
				CD5650EF1BEE686100E6E652 /* CustomColorWell.h */,
				CD5650F01BEE686100E6E652 /* CustomColorWell.m */,
				CDDBD3811B7E83FF00E6E652 /* Supporting Files */,
			);
			path = HyperionRemote;
			sourceTree = "<group>";
		};
		CDDBD3811B7E83FF00E6E652 /* Supporting Files */ = {
			isa = PBXGroup;
			children = (
				CDDBD3881B7E83FF00E6E652 /* Images.xcassets */,
				CDDBD3821B7E83FF00E6E652 /* Info.plist */,
				CDDBD3861B7E83FF00E6E652 /* main.m */,
			);
			name = "Supporting Files";
			sourceTree = "<group>";
		};
/* End PBXGroup section */

/* Begin PBXNativeTarget section */
		CDDBD37D1B7E83FF00E6E652 /* HyperionRemote */ = {
			isa = PBXNativeTarget;
			buildConfigurationList = CDDBD39B1B7E840000E6E652 /* Build configuration list for PBXNativeTarget "HyperionRemote" */;
			buildPhases = (
				CDDBD37A1B7E83FF00E6E652 /* Sources */,
				CDDBD37B1B7E83FF00E6E652 /* Frameworks */,
				CDDBD37C1B7E83FF00E6E652 /* Resources */,
			);
			buildRules = (
			);
			dependencies = (
			);
			name = HyperionRemote;
			productName = HyperionRemote;
			productReference = CDDBD37E1B7E83FF00E6E652 /* HyperionRemote.app */;
			productType = "com.apple.product-type.application";
		};
		CDDBD3901B7E840000E6E652 /* HyperionRemoteTests */ = {
			isa = PBXNativeTarget;
			buildConfigurationList = CDDBD39E1B7E840000E6E652 /* Build configuration list for PBXNativeTarget "HyperionRemoteTests" */;
			buildPhases = (
				CDDBD38D1B7E840000E6E652 /* Sources */,
				CDDBD38E1B7E840000E6E652 /* Frameworks */,
				CDDBD38F1B7E840000E6E652 /* Resources */,
			);
			buildRules = (
			);
			dependencies = (
				CDDBD3931B7E840000E6E652 /* PBXTargetDependency */,
			);
			name = HyperionRemoteTests;
			productName = HyperionRemoteTests;
			productReference = CDDBD3911B7E840000E6E652 /* HyperionRemoteTests.xctest */;
			productType = "com.apple.product-type.bundle.unit-test";
		};
/* End PBXNativeTarget section */

/* Begin PBXProject section */
		CDDBD3761B7E83FF00E6E652 /* Project object */ = {
			isa = PBXProject;
			attributes = {
				LastUpgradeCheck = 0640;
				ORGANIZATIONNAME = "Tobias Tangemann";
				TargetAttributes = {
					CDDBD37D1B7E83FF00E6E652 = {
						CreatedOnToolsVersion = 6.4;
					};
					CDDBD3901B7E840000E6E652 = {
						CreatedOnToolsVersion = 6.4;
						TestTargetID = CDDBD37D1B7E83FF00E6E652;
					};
				};
			};
			buildConfigurationList = CDDBD3791B7E83FF00E6E652 /* Build configuration list for PBXProject "HyperionRemote" */;
			compatibilityVersion = "Xcode 3.2";
			developmentRegion = English;
			hasScannedForEncodings = 0;
			knownRegions = (
				en,
				Base,
			);
			mainGroup = CDDBD3751B7E83FF00E6E652;
			productRefGroup = CDDBD37F1B7E83FF00E6E652 /* Products */;
			projectDirPath = "";
			projectRoot = "";
			targets = (
				CDDBD37D1B7E83FF00E6E652 /* HyperionRemote */,
				CDDBD3901B7E840000E6E652 /* HyperionRemoteTests */,
			);
		};
/* End PBXProject section */

/* Begin PBXResourcesBuildPhase section */
		CDDBD37C1B7E83FF00E6E652 /* Resources */ = {
			isa = PBXResourcesBuildPhase;
			buildActionMask = 2147483647;
			files = (
				CDDBD3891B7E83FF00E6E652 /* Images.xcassets in Resources */,
				CDDBD38C1B7E83FF00E6E652 /* MainMenu.xib in Resources */,
			);
			runOnlyForDeploymentPostprocessing = 0;
		};
		CDDBD38F1B7E840000E6E652 /* Resources */ = {
			isa = PBXResourcesBuildPhase;
			buildActionMask = 2147483647;
			files = (
			);
			runOnlyForDeploymentPostprocessing = 0;
		};
/* End PBXResourcesBuildPhase section */

/* Begin PBXSourcesBuildPhase section */
		CDDBD37A1B7E83FF00E6E652 /* Sources */ = {
			isa = PBXSourcesBuildPhase;
			buildActionMask = 2147483647;
			files = (
				CDDBD3871B7E83FF00E6E652 /* main.m in Sources */,
				CDDBD3851B7E83FF00E6E652 /* AppDelegate.m in Sources */,
				CD5650F11BEE686100E6E652 /* CustomColorWell.m in Sources */,
				CDB2706A1BC0648400E6E652 /* HyperionColor.m in Sources */,
			);
			runOnlyForDeploymentPostprocessing = 0;
		};
		CDDBD38D1B7E840000E6E652 /* Sources */ = {
			isa = PBXSourcesBuildPhase;
			buildActionMask = 2147483647;
			files = (
			);
			runOnlyForDeploymentPostprocessing = 0;
		};
/* End PBXSourcesBuildPhase section */

/* Begin PBXTargetDependency section */
		CDDBD3931B7E840000E6E652 /* PBXTargetDependency */ = {
			isa = PBXTargetDependency;
			target = CDDBD37D1B7E83FF00E6E652 /* HyperionRemote */;
			targetProxy = CDDBD3921B7E840000E6E652 /* PBXContainerItemProxy */;
		};
/* End PBXTargetDependency section */

/* Begin PBXVariantGroup section */
		CDDBD38A1B7E83FF00E6E652 /* MainMenu.xib */ = {
			isa = PBXVariantGroup;
			children = (
				CDDBD38B1B7E83FF00E6E652 /* Base */,
			);
			name = MainMenu.xib;
			sourceTree = "<group>";
		};
/* End PBXVariantGroup section */

/* Begin XCBuildConfiguration section */
		CDDBD3991B7E840000E6E652 /* Debug */ = {
			isa = XCBuildConfiguration;
			buildSettings = {
				ALWAYS_SEARCH_USER_PATHS = NO;
				CLANG_CXX_LANGUAGE_STANDARD = "gnu++0x";
				CLANG_CXX_LIBRARY = "libc++";
				CLANG_ENABLE_MODULES = YES;
				CLANG_ENABLE_OBJC_ARC = YES;
				CLANG_WARN_BOOL_CONVERSION = YES;
				CLANG_WARN_CONSTANT_CONVERSION = YES;
				CLANG_WARN_DIRECT_OBJC_ISA_USAGE = YES_ERROR;
				CLANG_WARN_EMPTY_BODY = YES;
				CLANG_WARN_ENUM_CONVERSION = YES;
				CLANG_WARN_INT_CONVERSION = YES;
				CLANG_WARN_OBJC_ROOT_CLASS = YES_ERROR;
				CLANG_WARN_UNREACHABLE_CODE = YES;
				CLANG_WARN__DUPLICATE_METHOD_MATCH = YES;
				CODE_SIGN_IDENTITY = "-";
				COPY_PHASE_STRIP = NO;
				DEBUG_INFORMATION_FORMAT = dwarf;
				ENABLE_STRICT_OBJC_MSGSEND = YES;
				GCC_C_LANGUAGE_STANDARD = gnu99;
				GCC_DYNAMIC_NO_PIC = NO;
				GCC_NO_COMMON_BLOCKS = YES;
				GCC_OPTIMIZATION_LEVEL = 0;
				GCC_PREPROCESSOR_DEFINITIONS = (
					"DEBUG=1",
					"$(inherited)",
				);
				GCC_SYMBOLS_PRIVATE_EXTERN = NO;
				GCC_WARN_64_TO_32_BIT_CONVERSION = YES;
				GCC_WARN_ABOUT_RETURN_TYPE = YES_ERROR;
				GCC_WARN_UNDECLARED_SELECTOR = YES;
				GCC_WARN_UNINITIALIZED_AUTOS = YES_AGGRESSIVE;
				GCC_WARN_UNUSED_FUNCTION = YES;
				GCC_WARN_UNUSED_VARIABLE = YES;
				MACOSX_DEPLOYMENT_TARGET = 10.10;
				MTL_ENABLE_DEBUG_INFO = YES;
				ONLY_ACTIVE_ARCH = YES;
				SDKROOT = macosx;
			};
			name = Debug;
		};
		CDDBD39A1B7E840000E6E652 /* Release */ = {
			isa = XCBuildConfiguration;
			buildSettings = {
				ALWAYS_SEARCH_USER_PATHS = NO;
				CLANG_CXX_LANGUAGE_STANDARD = "gnu++0x";
				CLANG_CXX_LIBRARY = "libc++";
				CLANG_ENABLE_MODULES = YES;
				CLANG_ENABLE_OBJC_ARC = YES;
				CLANG_WARN_BOOL_CONVERSION = YES;
				CLANG_WARN_CONSTANT_CONVERSION = YES;
				CLANG_WARN_DIRECT_OBJC_ISA_USAGE = YES_ERROR;
				CLANG_WARN_EMPTY_BODY = YES;
				CLANG_WARN_ENUM_CONVERSION = YES;
				CLANG_WARN_INT_CONVERSION = YES;
				CLANG_WARN_OBJC_ROOT_CLASS = YES_ERROR;
				CLANG_WARN_UNREACHABLE_CODE = YES;
				CLANG_WARN__DUPLICATE_METHOD_MATCH = YES;
				CODE_SIGN_IDENTITY = "-";
				COPY_PHASE_STRIP = NO;
				DEBUG_INFORMATION_FORMAT = "dwarf-with-dsym";
				ENABLE_NS_ASSERTIONS = NO;
				ENABLE_STRICT_OBJC_MSGSEND = YES;
				GCC_C_LANGUAGE_STANDARD = gnu99;
				GCC_NO_COMMON_BLOCKS = YES;
				GCC_WARN_64_TO_32_BIT_CONVERSION = YES;
				GCC_WARN_ABOUT_RETURN_TYPE = YES_ERROR;
				GCC_WARN_UNDECLARED_SELECTOR = YES;
				GCC_WARN_UNINITIALIZED_AUTOS = YES_AGGRESSIVE;
				GCC_WARN_UNUSED_FUNCTION = YES;
				GCC_WARN_UNUSED_VARIABLE = YES;
				MACOSX_DEPLOYMENT_TARGET = 10.10;
				MTL_ENABLE_DEBUG_INFO = NO;
				SDKROOT = macosx;
			};
			name = Release;
		};
		CDDBD39C1B7E840000E6E652 /* Debug */ = {
			isa = XCBuildConfiguration;
			buildSettings = {
				ASSETCATALOG_COMPILER_APPICON_NAME = AppIcon;
				COMBINE_HIDPI_IMAGES = YES;
				INFOPLIST_FILE = HyperionRemote/Info.plist;
				LD_RUNPATH_SEARCH_PATHS = "$(inherited) @executable_path/../Frameworks";
				PRODUCT_NAME = "$(TARGET_NAME)";
			};
			name = Debug;
		};
		CDDBD39D1B7E840000E6E652 /* Release */ = {
			isa = XCBuildConfiguration;
			buildSettings = {
				ASSETCATALOG_COMPILER_APPICON_NAME = AppIcon;
				COMBINE_HIDPI_IMAGES = YES;
				INFOPLIST_FILE = HyperionRemote/Info.plist;
				LD_RUNPATH_SEARCH_PATHS = "$(inherited) @executable_path/../Frameworks";
				PRODUCT_NAME = "$(TARGET_NAME)";
			};
			name = Release;
		};
		CDDBD39F1B7E840000E6E652 /* Debug */ = {
			isa = XCBuildConfiguration;
			buildSettings = {
				BUNDLE_LOADER = "$(TEST_HOST)";
				COMBINE_HIDPI_IMAGES = YES;
				FRAMEWORK_SEARCH_PATHS = (
					"$(DEVELOPER_FRAMEWORKS_DIR)",
					"$(inherited)",
				);
				GCC_PREPROCESSOR_DEFINITIONS = (
					"DEBUG=1",
					"$(inherited)",
				);
				INFOPLIST_FILE = HyperionRemoteTests/Info.plist;
				LD_RUNPATH_SEARCH_PATHS = "$(inherited) @executable_path/../Frameworks @loader_path/../Frameworks";
				PRODUCT_NAME = "$(TARGET_NAME)";
				TEST_HOST = "$(BUILT_PRODUCTS_DIR)/HyperionRemote.app/Contents/MacOS/HyperionRemote";
			};
			name = Debug;
		};
		CDDBD3A01B7E840000E6E652 /* Release */ = {
			isa = XCBuildConfiguration;
			buildSettings = {
				BUNDLE_LOADER = "$(TEST_HOST)";
				COMBINE_HIDPI_IMAGES = YES;
				FRAMEWORK_SEARCH_PATHS = (
					"$(DEVELOPER_FRAMEWORKS_DIR)",
					"$(inherited)",
				);
				INFOPLIST_FILE = HyperionRemoteTests/Info.plist;
				LD_RUNPATH_SEARCH_PATHS = "$(inherited) @executable_path/../Frameworks @loader_path/../Frameworks";
				PRODUCT_NAME = "$(TARGET_NAME)";
				TEST_HOST = "$(BUILT_PRODUCTS_DIR)/HyperionRemote.app/Contents/MacOS/HyperionRemote";
			};
			name = Release;
		};
/* End XCBuildConfiguration section */

/* Begin XCConfigurationList section */
		CDDBD3791B7E83FF00E6E652 /* Build configuration list for PBXProject "HyperionRemote" */ = {
			isa = XCConfigurationList;
			buildConfigurations = (
				CDDBD3991B7E840000E6E652 /* Debug */,
				CDDBD39A1B7E840000E6E652 /* Release */,
			);
			defaultConfigurationIsVisible = 0;
			defaultConfigurationName = Release;
		};
		CDDBD39B1B7E840000E6E652 /* Build configuration list for PBXNativeTarget "HyperionRemote" */ = {
			isa = XCConfigurationList;
			buildConfigurations = (
				CDDBD39C1B7E840000E6E652 /* Debug */,
				CDDBD39D1B7E840000E6E652 /* Release */,
			);
			defaultConfigurationIsVisible = 0;
			defaultConfigurationName = Release;
		};
		CDDBD39E1B7E840000E6E652 /* Build configuration list for PBXNativeTarget "HyperionRemoteTests" */ = {
			isa = XCConfigurationList;
			buildConfigurations = (
				CDDBD39F1B7E840000E6E652 /* Debug */,
				CDDBD3A01B7E840000E6E652 /* Release */,
			);
			defaultConfigurationIsVisible = 0;
			defaultConfigurationName = Release;
		};
/* End XCConfigurationList section */
	};
	rootObject = CDDBD3761B7E83FF00E6E652 /* Project object */;
}
